
Microsoft Visual Studio Solution File, Format Version 12.00
Project("{2150E333-8FDC-42A3-9474-1A3956D46DE8}") = "Task0", "Task0", "{97F86F46-EAF2-4592-82DE-82C5010CBE9B}"
EndProject
Project("{FAE04EC0-301F-11D3-BF4B-00C04F79EFBC}") = "Tyuiu.ZhuravlevKD.Sprint1.Task0.V0", "Tyuiu.ZhuravlevKD.Sprint1.Task0.V0\Tyuiu.ZhuravlevKD.Sprint1.Task0.V0.csproj", "{5DB3F301-B6BB-44B7-B10D-2C676ACD3DB0}"
EndProject
Project("{FAE04EC0-301F-11D3-BF4B-00C04F79EFBC}") = "Tyuiu.ZhuravlevKD.Sprint1.Task0.V0.Lib", "Tyuiu.ZhuravlevKD.Sprint1.Task0.V0.Lib\Tyuiu.ZhuravlevKD.Sprint1.Task0.V0.Lib.csproj", "{0FA7A78E-CE6C-4FDE-ACAC-1CA990A900E1}"
EndProject
Project("{FAE04EC0-301F-11D3-BF4B-00C04F79EFBC}") = "Tyuiu.ZhuravlevKD.Sprint1.Task0.V0.Test", "Tyuiu.ZhuravlevKD.Sprint1.Task0.V0.Test\Tyuiu.ZhuravlevKD.Sprint1.Task0.V0.Test.csproj", "{AF168280-7BAA-465B-B250-712047293BCF}"
EndProject
Project("{2150E333-8FDC-42A3-9474-1A3956D46DE8}") = "Task1", "Task1", "{6BC00986-6393-403D-935B-262959F30708}"
EndProject
Project("{FAE04EC0-301F-11D3-BF4B-00C04F79EFBC}") = "Tyuiu.ZhuravlevKD.Sprint1.Task1.V0", "Tyuiu.ZhuravlevKD.Sprint1.Task1.V0\Tyuiu.ZhuravlevKD.Sprint1.Task1.V0.csproj", "{5313795D-2A86-4087-AF5E-F577BAC26E24}"
EndProject
Project("{FAE04EC0-301F-11D3-BF4B-00C04F79EFBC}") = "Tyuiu.ZhuravlevKD.Sprint1.Task1.V0.Lib", "Tyuiu.ZhuravlevKD.Sprint1.Task1.V0.Lib\Tyuiu.ZhuravlevKD.Sprint1.Task1.V0.Lib.csproj", "{A2263CCD-1677-46D8-AF88-5A41CEB13613}"
EndProject
Project("{FAE04EC0-301F-11D3-BF4B-00C04F79EFBC}") = "Tyuiu.ZhuravlevKD.Sprint1.Task1.V0.Test", "Tyuiu.ZhuravlevKD.Sprint1.Task1.V0.Test\Tyuiu.ZhuravlevKD.Sprint1.Task1.V0.Test.csproj", "{0179CB74-394B-4F2A-AF29-30C5A5ACF27F}"
EndProject
Project("{2150E333-8FDC-42A3-9474-1A3956D46DE8}") = "Task0.V5", "Task0.V5", "{BD572068-9109-4A23-9620-FC68404B73DE}"
EndProject
Project("{FAE04EC0-301F-11D3-BF4B-00C04F79EFBC}") = "Tyuiu.ZhuravlevKD.Sprint1.Task0.V5", "Tyuiu.ZhuravlevKD.Sprint1.Task0.V5\Tyuiu.ZhuravlevKD.Sprint1.Task0.V5.csproj", "{1EFDF16A-E573-4650-B36C-E0335F9FB57B}"
EndProject
Project("{FAE04EC0-301F-11D3-BF4B-00C04F79EFBC}") = "Tyuiu.ZhuravlevKD.Sprint1.Task0.V5.Lib", "Tyuiu.ZhuravlevKD.Sprint1.Task0.V5.Lib\Tyuiu.ZhuravlevKD.Sprint1.Task0.V5.Lib.csproj", "{92AAE9AF-32C5-496D-8426-80CB9314E58C}"
EndProject
Project("{FAE04EC0-301F-11D3-BF4B-00C04F79EFBC}") = "Tyuiu.ZhuravlevKD.Sprint1.Task0.V5.Test", "Tyuiu.ZhuravlevKD.Sprint1.Task0.V5.Test\Tyuiu.ZhuravlevKD.Sprint1.Task0.V5.Test.csproj", "{EE1FF9EF-6D47-4A9A-8F8B-4697FD7315F2}"
EndProject
Global
	GlobalSection(SolutionConfigurationPlatforms) = preSolution
		Debug|Any CPU = Debug|Any CPU
		Release|Any CPU = Release|Any CPU
	EndGlobalSection
	GlobalSection(NestedProjects) = preSolution
		{5DB3F301-B6BB-44B7-B10D-2C676ACD3DB0} = {97F86F46-EAF2-4592-82DE-82C5010CBE9B}
		{0FA7A78E-CE6C-4FDE-ACAC-1CA990A900E1} = {97F86F46-EAF2-4592-82DE-82C5010CBE9B}
		{AF168280-7BAA-465B-B250-712047293BCF} = {97F86F46-EAF2-4592-82DE-82C5010CBE9B}
		{5313795D-2A86-4087-AF5E-F577BAC26E24} = {6BC00986-6393-403D-935B-262959F30708}
		{A2263CCD-1677-46D8-AF88-5A41CEB13613} = {6BC00986-6393-403D-935B-262959F30708}
		{0179CB74-394B-4F2A-AF29-30C5A5ACF27F} = {6BC00986-6393-403D-935B-262959F30708}
		{1EFDF16A-E573-4650-B36C-E0335F9FB57B} = {BD572068-9109-4A23-9620-FC68404B73DE}
		{92AAE9AF-32C5-496D-8426-80CB9314E58C} = {BD572068-9109-4A23-9620-FC68404B73DE}
		{EE1FF9EF-6D47-4A9A-8F8B-4697FD7315F2} = {BD572068-9109-4A23-9620-FC68404B73DE}
	EndGlobalSection
	GlobalSection(ProjectConfigurationPlatforms) = postSolution
		{5DB3F301-B6BB-44B7-B10D-2C676ACD3DB0}.Debug|Any CPU.ActiveCfg = Debug|Any CPU
		{5DB3F301-B6BB-44B7-B10D-2C676ACD3DB0}.Debug|Any CPU.Build.0 = Debug|Any CPU
		{5DB3F301-B6BB-44B7-B10D-2C676ACD3DB0}.Release|Any CPU.ActiveCfg = Release|Any CPU
		{5DB3F301-B6BB-44B7-B10D-2C676ACD3DB0}.Release|Any CPU.Build.0 = Release|Any CPU
		{0FA7A78E-CE6C-4FDE-ACAC-1CA990A900E1}.Debug|Any CPU.ActiveCfg = Debug|Any CPU
		{0FA7A78E-CE6C-4FDE-ACAC-1CA990A900E1}.Debug|Any CPU.Build.0 = Debug|Any CPU
		{0FA7A78E-CE6C-4FDE-ACAC-1CA990A900E1}.Release|Any CPU.ActiveCfg = Release|Any CPU
		{0FA7A78E-CE6C-4FDE-ACAC-1CA990A900E1}.Release|Any CPU.Build.0 = Release|Any CPU
		{AF168280-7BAA-465B-B250-712047293BCF}.Debug|Any CPU.ActiveCfg = Debug|Any CPU
		{AF168280-7BAA-465B-B250-712047293BCF}.Debug|Any CPU.Build.0 = Debug|Any CPU
		{AF168280-7BAA-465B-B250-712047293BCF}.Release|Any CPU.ActiveCfg = Release|Any CPU
		{AF168280-7BAA-465B-B250-712047293BCF}.Release|Any CPU.Build.0 = Release|Any CPU
		{5313795D-2A86-4087-AF5E-F577BAC26E24}.Debug|Any CPU.ActiveCfg = Debug|Any CPU
		{5313795D-2A86-4087-AF5E-F577BAC26E24}.Debug|Any CPU.Build.0 = Debug|Any CPU
		{5313795D-2A86-4087-AF5E-F577BAC26E24}.Release|Any CPU.ActiveCfg = Release|Any CPU
		{5313795D-2A86-4087-AF5E-F577BAC26E24}.Release|Any CPU.Build.0 = Release|Any CPU
		{A2263CCD-1677-46D8-AF88-5A41CEB13613}.Debug|Any CPU.ActiveCfg = Debug|Any CPU
		{A2263CCD-1677-46D8-AF88-5A41CEB13613}.Debug|Any CPU.Build.0 = Debug|Any CPU
		{A2263CCD-1677-46D8-AF88-5A41CEB13613}.Release|Any CPU.ActiveCfg = Release|Any CPU
		{A2263CCD-1677-46D8-AF88-5A41CEB13613}.Release|Any CPU.Build.0 = Release|Any CPU
		{0179CB74-394B-4F2A-AF29-30C5A5ACF27F}.Debug|Any CPU.ActiveCfg = Debug|Any CPU
		{0179CB74-394B-4F2A-AF29-30C5A5ACF27F}.Debug|Any CPU.Build.0 = Debug|Any CPU
		{0179CB74-394B-4F2A-AF29-30C5A5ACF27F}.Release|Any CPU.ActiveCfg = Release|Any CPU
		{0179CB74-394B-4F2A-AF29-30C5A5ACF27F}.Release|Any CPU.Build.0 = Release|Any CPU
		{1EFDF16A-E573-4650-B36C-E0335F9FB57B}.Debug|Any CPU.ActiveCfg = Debug|Any CPU
		{1EFDF16A-E573-4650-B36C-E0335F9FB57B}.Debug|Any CPU.Build.0 = Debug|Any CPU
		{1EFDF16A-E573-4650-B36C-E0335F9FB57B}.Release|Any CPU.ActiveCfg = Release|Any CPU
		{1EFDF16A-E573-4650-B36C-E0335F9FB57B}.Release|Any CPU.Build.0 = Release|Any CPU
		{92AAE9AF-32C5-496D-8426-80CB9314E58C}.Debug|Any CPU.ActiveCfg = Debug|Any CPU
		{92AAE9AF-32C5-496D-8426-80CB9314E58C}.Debug|Any CPU.Build.0 = Debug|Any CPU
		{92AAE9AF-32C5-496D-8426-80CB9314E58C}.Release|Any CPU.ActiveCfg = Release|Any CPU
		{92AAE9AF-32C5-496D-8426-80CB9314E58C}.Release|Any CPU.Build.0 = Release|Any CPU
		{EE1FF9EF-6D47-4A9A-8F8B-4697FD7315F2}.Debug|Any CPU.ActiveCfg = Debug|Any CPU
		{EE1FF9EF-6D47-4A9A-8F8B-4697FD7315F2}.Debug|Any CPU.Build.0 = Debug|Any CPU
		{EE1FF9EF-6D47-4A9A-8F8B-4697FD7315F2}.Release|Any CPU.ActiveCfg = Release|Any CPU
		{EE1FF9EF-6D47-4A9A-8F8B-4697FD7315F2}.Release|Any CPU.Build.0 = Release|Any CPU
	EndGlobalSection
EndGlobal
