
Microsoft Visual Studio Solution File, Format Version 12.00
Project("{2150E333-8FDC-42A3-9474-1A3956D46DE8}") = "Task0", "Task0", "{97F86F46-EAF2-4592-82DE-82C5010CBE9B}"
EndProject
Project("{FAE04EC0-301F-11D3-BF4B-00C04F79EFBC}") = "Tyuiu.ZhuravlevKD.Sprint1.Task0.V0", "Tyuiu.ZhuravlevKD.Sprint1.Task0.V0\Tyuiu.ZhuravlevKD.Sprint1.Task0.V0.csproj", "{5DB3F301-B6BB-44B7-B10D-2C676ACD3DB0}"
EndProject
Project("{FAE04EC0-301F-11D3-BF4B-00C04F79EFBC}") = "Tyuiu.ZhuravlevKD.Sprint1.Task0.V0.Lib", "Tyuiu.ZhuravlevKD.Sprint1.Task0.V0.Lib\Tyuiu.ZhuravlevKD.Sprint1.Task0.V0.Lib.csproj", "{0FA7A78E-CE6C-4FDE-ACAC-1CA990A900E1}"
EndProject
Project("{FAE04EC0-301F-11D3-BF4B-00C04F79EFBC}") = "Tyuiu.ZhuravlevKD.Sprint1.Task0.V0.Test", "Tyuiu.ZhuravlevKD.Sprint1.Task0.V0.Test\Tyuiu.ZhuravlevKD.Sprint1.Task0.V0.Test.csproj", "{AF168280-7BAA-465B-B250-712047293BCF}"
EndProject
Project("{2150E333-8FDC-42A3-9474-1A3956D46DE8}") = "Task0.V5", "Task0.V5", "{F00DFDD8-F9DD-427A-9099-F2DEC54849F9}"
EndProject
Project("{FAE04EC0-301F-11D3-BF4B-00C04F79EFBC}") = "Tyuiu.ZhuravlevKD.Sprint1.Task0.V5", "Tyuiu.ZhuravlevKD.Sprint1.Task0.V5\Tyuiu.ZhuravlevKD.Sprint1.Task0.V5.csproj", "{C60FBB80-8AE9-4081-B5E1-F88C444711A4}"
EndProject
Project("{FAE04EC0-301F-11D3-BF4B-00C04F79EFBC}") = "Tyuiu.ZhuravlevKD.Sprint1.Task0.V5.Lib", "Tyuiu.ZhuravlevKD.Sprint1.Task0.V5.Lib\Tyuiu.ZhuravlevKD.Sprint1.Task0.V5.Lib.csproj", "{29A913F1-3D59-45CE-A9E0-AFBD00470F56}"
EndProject
Project("{FAE04EC0-301F-11D3-BF4B-00C04F79EFBC}") = "Tyuiu.ZhuravlevKD.Sprint1.Task0.V5.Test", "Tyuiu.ZhuravlevKD.Sprint1.Task0.V5.Test\Tyuiu.ZhuravlevKD.Sprint1.Task0.V5.Test.csproj", "{A59770CF-E7C5-433A-A7EE-5229E361FA91}"
EndProject
Global
	GlobalSection(SolutionConfigurationPlatforms) = preSolution
		Debug|Any CPU = Debug|Any CPU
		Release|Any CPU = Release|Any CPU
	EndGlobalSection
	GlobalSection(NestedProjects) = preSolution
		{5DB3F301-B6BB-44B7-B10D-2C676ACD3DB0} = {97F86F46-EAF2-4592-82DE-82C5010CBE9B}
		{0FA7A78E-CE6C-4FDE-ACAC-1CA990A900E1} = {97F86F46-EAF2-4592-82DE-82C5010CBE9B}
		{AF168280-7BAA-465B-B250-712047293BCF} = {97F86F46-EAF2-4592-82DE-82C5010CBE9B}
		{C60FBB80-8AE9-4081-B5E1-F88C444711A4} = {F00DFDD8-F9DD-427A-9099-F2DEC54849F9}
		{29A913F1-3D59-45CE-A9E0-AFBD00470F56} = {F00DFDD8-F9DD-427A-9099-F2DEC54849F9}
		{A59770CF-E7C5-433A-A7EE-5229E361FA91} = {F00DFDD8-F9DD-427A-9099-F2DEC54849F9}
	EndGlobalSection
	GlobalSection(ProjectConfigurationPlatforms) = postSolution
		{5DB3F301-B6BB-44B7-B10D-2C676ACD3DB0}.Debug|Any CPU.ActiveCfg = Debug|Any CPU
		{5DB3F301-B6BB-44B7-B10D-2C676ACD3DB0}.Debug|Any CPU.Build.0 = Debug|Any CPU
		{5DB3F301-B6BB-44B7-B10D-2C676ACD3DB0}.Release|Any CPU.ActiveCfg = Release|Any CPU
		{5DB3F301-B6BB-44B7-B10D-2C676ACD3DB0}.Release|Any CPU.Build.0 = Release|Any CPU
		{0FA7A78E-CE6C-4FDE-ACAC-1CA990A900E1}.Debug|Any CPU.ActiveCfg = Debug|Any CPU
		{0FA7A78E-CE6C-4FDE-ACAC-1CA990A900E1}.Debug|Any CPU.Build.0 = Debug|Any CPU
		{0FA7A78E-CE6C-4FDE-ACAC-1CA990A900E1}.Release|Any CPU.ActiveCfg = Release|Any CPU
		{0FA7A78E-CE6C-4FDE-ACAC-1CA990A900E1}.Release|Any CPU.Build.0 = Release|Any CPU
		{AF168280-7BAA-465B-B250-712047293BCF}.Debug|Any CPU.ActiveCfg = Debug|Any CPU
		{AF168280-7BAA-465B-B250-712047293BCF}.Debug|Any CPU.Build.0 = Debug|Any CPU
		{AF168280-7BAA-465B-B250-712047293BCF}.Release|Any CPU.ActiveCfg = Release|Any CPU
		{AF168280-7BAA-465B-B250-712047293BCF}.Release|Any CPU.Build.0 = Release|Any CPU
		{C60FBB80-8AE9-4081-B5E1-F88C444711A4}.Debug|Any CPU.ActiveCfg = Debug|Any CPU
		{C60FBB80-8AE9-4081-B5E1-F88C444711A4}.Debug|Any CPU.Build.0 = Debug|Any CPU
		{C60FBB80-8AE9-4081-B5E1-F88C444711A4}.Release|Any CPU.ActiveCfg = Release|Any CPU
		{C60FBB80-8AE9-4081-B5E1-F88C444711A4}.Release|Any CPU.Build.0 = Release|Any CPU
		{29A913F1-3D59-45CE-A9E0-AFBD00470F56}.Debug|Any CPU.ActiveCfg = Debug|Any CPU
		{29A913F1-3D59-45CE-A9E0-AFBD00470F56}.Debug|Any CPU.Build.0 = Debug|Any CPU
		{29A913F1-3D59-45CE-A9E0-AFBD00470F56}.Release|Any CPU.ActiveCfg = Release|Any CPU
		{29A913F1-3D59-45CE-A9E0-AFBD00470F56}.Release|Any CPU.Build.0 = Release|Any CPU
		{A59770CF-E7C5-433A-A7EE-5229E361FA91}.Debug|Any CPU.ActiveCfg = Debug|Any CPU
		{A59770CF-E7C5-433A-A7EE-5229E361FA91}.Debug|Any CPU.Build.0 = Debug|Any CPU
		{A59770CF-E7C5-433A-A7EE-5229E361FA91}.Release|Any CPU.ActiveCfg = Release|Any CPU
		{A59770CF-E7C5-433A-A7EE-5229E361FA91}.Release|Any CPU.Build.0 = Release|Any CPU
	EndGlobalSection
EndGlobal
